// !$*UTF8*$!
{
	archiveVersion = 1;
	classes = {
	};
	objectVersion = 50;
	objects = {

/* Begin PBXBuildFile section */
		9C35616E2617D5FB00019871 /* WeatherModel.swift in Sources */ = {isa = PBXBuildFile; fileRef = 9C35616D2617D5FB00019871 /* WeatherModel.swift */; };
		9C35617C2617D82500019871 /* WeatherService.swift in Sources */ = {isa = PBXBuildFile; fileRef = 9C35617B2617D82500019871 /* WeatherService.swift */; };
		9C3561852617DF4100019871 /* WeatherViewModel.swift in Sources */ = {isa = PBXBuildFile; fileRef = 9C3561842617DF4100019871 /* WeatherViewModel.swift */; };
		9C64E4F72618A78400C05A48 /* UIImageView+ImageFromServerURL.swift in Sources */ = {isa = PBXBuildFile; fileRef = 9C64E4F62618A78400C05A48 /* UIImageView+ImageFromServerURL.swift */; };
		9C64E50A2619A57200C05A48 /* GetPlace.swift in Sources */ = {isa = PBXBuildFile; fileRef = 9C64E5092619A57200C05A48 /* GetPlace.swift */; };
		9C64E50F2619A98E00C05A48 /* CountriesListViewModel.swift in Sources */ = {isa = PBXBuildFile; fileRef = 9C64E50E2619A98E00C05A48 /* CountriesListViewModel.swift */; };
		9CDCFD53261609C90006B2E7 /* AppDelegate.swift in Sources */ = {isa = PBXBuildFile; fileRef = 9CDCFD52261609C90006B2E7 /* AppDelegate.swift */; };
		9CDCFD55261609C90006B2E7 /* SceneDelegate.swift in Sources */ = {isa = PBXBuildFile; fileRef = 9CDCFD54261609C90006B2E7 /* SceneDelegate.swift */; };
		9CDCFD5A261609C90006B2E7 /* Main.storyboard in Resources */ = {isa = PBXBuildFile; fileRef = 9CDCFD58261609C90006B2E7 /* Main.storyboard */; };
		9CDCFD5C261609CB0006B2E7 /* Assets.xcassets in Resources */ = {isa = PBXBuildFile; fileRef = 9CDCFD5B261609CB0006B2E7 /* Assets.xcassets */; };
		9CDCFD5F261609CB0006B2E7 /* LaunchScreen.storyboard in Resources */ = {isa = PBXBuildFile; fileRef = 9CDCFD5D261609CB0006B2E7 /* LaunchScreen.storyboard */; };
		9CDCFD6A261609CB0006B2E7 /* Weather_ServiceTests.swift in Sources */ = {isa = PBXBuildFile; fileRef = 9CDCFD69261609CB0006B2E7 /* Weather_ServiceTests.swift */; };
		9CDCFD75261609CB0006B2E7 /* Weather_ServiceUITests.swift in Sources */ = {isa = PBXBuildFile; fileRef = 9CDCFD74261609CB0006B2E7 /* Weather_ServiceUITests.swift */; };
		9CDCFDCF26170B770006B2E7 /* WeatherPageViewController.swift in Sources */ = {isa = PBXBuildFile; fileRef = 9CDCFDCE26170B770006B2E7 /* WeatherPageViewController.swift */; };
		9CDCFDD9261711180006B2E7 /* WeatherViewController.swift in Sources */ = {isa = PBXBuildFile; fileRef = 9CDCFDD7261711180006B2E7 /* WeatherViewController.swift */; };
		9CDCFDDA261711180006B2E7 /* WeatherViewController.xib in Resources */ = {isa = PBXBuildFile; fileRef = 9CDCFDD8261711180006B2E7 /* WeatherViewController.xib */; };
		9CDCFDE1261711980006B2E7 /* CountriesListViewController.swift in Sources */ = {isa = PBXBuildFile; fileRef = 9CDCFDDF261711980006B2E7 /* CountriesListViewController.swift */; };
		9CDCFDE2261711980006B2E7 /* CountriesListViewController.xib in Resources */ = {isa = PBXBuildFile; fileRef = 9CDCFDE0261711980006B2E7 /* CountriesListViewController.xib */; };
		9CDCFDF92617B5810006B2E7 /* CountryList.swift in Sources */ = {isa = PBXBuildFile; fileRef = 9CDCFDF82617B5810006B2E7 /* CountryList.swift */; };
		9CDCFE042617BD000006B2E7 /* Countries.json in Resources */ = {isa = PBXBuildFile; fileRef = 9CDCFE032617BD000006B2E7 /* Countries.json */; };
/* End PBXBuildFile section */

/* Begin PBXContainerItemProxy section */
		9CDCFD66261609CB0006B2E7 /* PBXContainerItemProxy */ = {
			isa = PBXContainerItemProxy;
			containerPortal = 9CDCFD47261609C90006B2E7 /* Project object */;
			proxyType = 1;
			remoteGlobalIDString = 9CDCFD4E261609C90006B2E7;
			remoteInfo = "Weather-Service";
		};
		9CDCFD71261609CB0006B2E7 /* PBXContainerItemProxy */ = {
			isa = PBXContainerItemProxy;
			containerPortal = 9CDCFD47261609C90006B2E7 /* Project object */;
			proxyType = 1;
			remoteGlobalIDString = 9CDCFD4E261609C90006B2E7;
			remoteInfo = "Weather-Service";
		};
/* End PBXContainerItemProxy section */

/* Begin PBXFileReference section */
		9C35616D2617D5FB00019871 /* WeatherModel.swift */ = {isa = PBXFileReference; lastKnownFileType = sourcecode.swift; path = WeatherModel.swift; sourceTree = "<group>"; };
		9C35617B2617D82500019871 /* WeatherService.swift */ = {isa = PBXFileReference; lastKnownFileType = sourcecode.swift; path = WeatherService.swift; sourceTree = "<group>"; };
		9C3561842617DF4100019871 /* WeatherViewModel.swift */ = {isa = PBXFileReference; lastKnownFileType = sourcecode.swift; path = WeatherViewModel.swift; sourceTree = "<group>"; };
		9C64E4F62618A78400C05A48 /* UIImageView+ImageFromServerURL.swift */ = {isa = PBXFileReference; lastKnownFileType = sourcecode.swift; path = "UIImageView+ImageFromServerURL.swift"; sourceTree = "<group>"; };
		9C64E5092619A57200C05A48 /* GetPlace.swift */ = {isa = PBXFileReference; lastKnownFileType = sourcecode.swift; path = GetPlace.swift; sourceTree = "<group>"; };
		9C64E50E2619A98E00C05A48 /* CountriesListViewModel.swift */ = {isa = PBXFileReference; lastKnownFileType = sourcecode.swift; path = CountriesListViewModel.swift; sourceTree = "<group>"; };
		9CDCFD4F261609C90006B2E7 /* Weather-Service.app */ = {isa = PBXFileReference; explicitFileType = wrapper.application; includeInIndex = 0; path = "Weather-Service.app"; sourceTree = BUILT_PRODUCTS_DIR; };
		9CDCFD52261609C90006B2E7 /* AppDelegate.swift */ = {isa = PBXFileReference; lastKnownFileType = sourcecode.swift; path = AppDelegate.swift; sourceTree = "<group>"; };
		9CDCFD54261609C90006B2E7 /* SceneDelegate.swift */ = {isa = PBXFileReference; lastKnownFileType = sourcecode.swift; path = SceneDelegate.swift; sourceTree = "<group>"; };
		9CDCFD59261609C90006B2E7 /* Base */ = {isa = PBXFileReference; lastKnownFileType = file.storyboard; name = Base; path = Base.lproj/Main.storyboard; sourceTree = "<group>"; };
		9CDCFD5B261609CB0006B2E7 /* Assets.xcassets */ = {isa = PBXFileReference; lastKnownFileType = folder.assetcatalog; path = Assets.xcassets; sourceTree = "<group>"; };
		9CDCFD5E261609CB0006B2E7 /* Base */ = {isa = PBXFileReference; lastKnownFileType = file.storyboard; name = Base; path = Base.lproj/LaunchScreen.storyboard; sourceTree = "<group>"; };
		9CDCFD60261609CB0006B2E7 /* Info.plist */ = {isa = PBXFileReference; lastKnownFileType = text.plist.xml; path = Info.plist; sourceTree = "<group>"; };
		9CDCFD65261609CB0006B2E7 /* Weather-ServiceTests.xctest */ = {isa = PBXFileReference; explicitFileType = wrapper.cfbundle; includeInIndex = 0; path = "Weather-ServiceTests.xctest"; sourceTree = BUILT_PRODUCTS_DIR; };
		9CDCFD69261609CB0006B2E7 /* Weather_ServiceTests.swift */ = {isa = PBXFileReference; lastKnownFileType = sourcecode.swift; path = Weather_ServiceTests.swift; sourceTree = "<group>"; };
		9CDCFD6B261609CB0006B2E7 /* Info.plist */ = {isa = PBXFileReference; lastKnownFileType = text.plist.xml; path = Info.plist; sourceTree = "<group>"; };
		9CDCFD70261609CB0006B2E7 /* Weather-ServiceUITests.xctest */ = {isa = PBXFileReference; explicitFileType = wrapper.cfbundle; includeInIndex = 0; path = "Weather-ServiceUITests.xctest"; sourceTree = BUILT_PRODUCTS_DIR; };
		9CDCFD74261609CB0006B2E7 /* Weather_ServiceUITests.swift */ = {isa = PBXFileReference; lastKnownFileType = sourcecode.swift; path = Weather_ServiceUITests.swift; sourceTree = "<group>"; };
		9CDCFD76261609CB0006B2E7 /* Info.plist */ = {isa = PBXFileReference; lastKnownFileType = text.plist.xml; path = Info.plist; sourceTree = "<group>"; };
		9CDCFDCE26170B770006B2E7 /* WeatherPageViewController.swift */ = {isa = PBXFileReference; lastKnownFileType = sourcecode.swift; path = WeatherPageViewController.swift; sourceTree = "<group>"; };
		9CDCFDD7261711180006B2E7 /* WeatherViewController.swift */ = {isa = PBXFileReference; lastKnownFileType = sourcecode.swift; path = WeatherViewController.swift; sourceTree = "<group>"; };
		9CDCFDD8261711180006B2E7 /* WeatherViewController.xib */ = {isa = PBXFileReference; lastKnownFileType = file.xib; path = WeatherViewController.xib; sourceTree = "<group>"; };
		9CDCFDDF261711980006B2E7 /* CountriesListViewController.swift */ = {isa = PBXFileReference; lastKnownFileType = sourcecode.swift; path = CountriesListViewController.swift; sourceTree = "<group>"; };
		9CDCFDE0261711980006B2E7 /* CountriesListViewController.xib */ = {isa = PBXFileReference; lastKnownFileType = file.xib; path = CountriesListViewController.xib; sourceTree = "<group>"; };
		9CDCFDF82617B5810006B2E7 /* CountryList.swift */ = {isa = PBXFileReference; lastKnownFileType = sourcecode.swift; path = CountryList.swift; sourceTree = "<group>"; };
		9CDCFE032617BD000006B2E7 /* Countries.json */ = {isa = PBXFileReference; lastKnownFileType = text.json; path = Countries.json; sourceTree = "<group>"; };
/* End PBXFileReference section */

/* Begin PBXFrameworksBuildPhase section */
		9CDCFD4C261609C90006B2E7 /* Frameworks */ = {
			isa = PBXFrameworksBuildPhase;
			buildActionMask = 2147483647;
			files = (
			);
			runOnlyForDeploymentPostprocessing = 0;
		};
		9CDCFD62261609CB0006B2E7 /* Frameworks */ = {
			isa = PBXFrameworksBuildPhase;
			buildActionMask = 2147483647;
			files = (
			);
			runOnlyForDeploymentPostprocessing = 0;
		};
		9CDCFD6D261609CB0006B2E7 /* Frameworks */ = {
			isa = PBXFrameworksBuildPhase;
			buildActionMask = 2147483647;
			files = (
			);
			runOnlyForDeploymentPostprocessing = 0;
		};
/* End PBXFrameworksBuildPhase section */

/* Begin PBXGroup section */
		9C35616C2617D59400019871 /* Models */ = {
			isa = PBXGroup;
			children = (
				9C35616D2617D5FB00019871 /* WeatherModel.swift */,
			);
			path = Models;
			sourceTree = "<group>";
		};
		9C3561802617DE2400019871 /* ViewModels */ = {
			isa = PBXGroup;
			children = (
				9C3561842617DF4100019871 /* WeatherViewModel.swift */,
				9C64E50E2619A98E00C05A48 /* CountriesListViewModel.swift */,
			);
			path = ViewModels;
			sourceTree = "<group>";
		};
		9C3561C726189C0D00019871 /* API */ = {
			isa = PBXGroup;
			children = (
				9C35617B2617D82500019871 /* WeatherService.swift */,
			);
			path = API;
			sourceTree = "<group>";
		};
		9C64E4F52618A74400C05A48 /* Extensions */ = {
			isa = PBXGroup;
			children = (
				9C64E4F62618A78400C05A48 /* UIImageView+ImageFromServerURL.swift */,
			);
			path = Extensions;
			sourceTree = "<group>";
		};
		9C64E5132619AEA800C05A48 /* Helpers */ = {
			isa = PBXGroup;
			children = (
				9C64E5092619A57200C05A48 /* GetPlace.swift */,
			);
			path = Helpers;
			sourceTree = "<group>";
		};
		9CDCFD46261609C90006B2E7 = {
			isa = PBXGroup;
			children = (
				9CDCFD51261609C90006B2E7 /* Weather-Service */,
				9CDCFD68261609CB0006B2E7 /* Weather-ServiceTests */,
				9CDCFD73261609CB0006B2E7 /* Weather-ServiceUITests */,
				9CDCFD50261609C90006B2E7 /* Products */,
			);
			sourceTree = "<group>";
		};
		9CDCFD50261609C90006B2E7 /* Products */ = {
			isa = PBXGroup;
			children = (
				9CDCFD4F261609C90006B2E7 /* Weather-Service.app */,
				9CDCFD65261609CB0006B2E7 /* Weather-ServiceTests.xctest */,
				9CDCFD70261609CB0006B2E7 /* Weather-ServiceUITests.xctest */,
			);
			name = Products;
			sourceTree = "<group>";
		};
		9CDCFD51261609C90006B2E7 /* Weather-Service */ = {
			isa = PBXGroup;
			children = (
				9C64E5132619AEA800C05A48 /* Helpers */,
				9C64E4F52618A74400C05A48 /* Extensions */,
				9C3561C726189C0D00019871 /* API */,
				9CDCFDF22617B3CD0006B2E7 /* Countries */,
				9C35616C2617D59400019871 /* Models */,
				9C3561802617DE2400019871 /* ViewModels */,
				9CDCFDBA2616DF600006B2E7 /* ViewControllers */,
				9CDCFDB92616DF460006B2E7 /* Storyboards */,
				9CDCFDAF2616DEDF0006B2E7 /* Resources */,
			);
			path = "Weather-Service";
			sourceTree = "<group>";
		};
		9CDCFD68261609CB0006B2E7 /* Weather-ServiceTests */ = {
			isa = PBXGroup;
			children = (
				9CDCFD69261609CB0006B2E7 /* Weather_ServiceTests.swift */,
				9CDCFD6B261609CB0006B2E7 /* Info.plist */,
			);
			path = "Weather-ServiceTests";
			sourceTree = "<group>";
		};
		9CDCFD73261609CB0006B2E7 /* Weather-ServiceUITests */ = {
			isa = PBXGroup;
			children = (
				9CDCFD74261609CB0006B2E7 /* Weather_ServiceUITests.swift */,
				9CDCFD76261609CB0006B2E7 /* Info.plist */,
			);
			path = "Weather-ServiceUITests";
			sourceTree = "<group>";
		};
		9CDCFDAF2616DEDF0006B2E7 /* Resources */ = {
			isa = PBXGroup;
			children = (
				9CDCFD52261609C90006B2E7 /* AppDelegate.swift */,
				9CDCFD54261609C90006B2E7 /* SceneDelegate.swift */,
				9CDCFD5B261609CB0006B2E7 /* Assets.xcassets */,
				9CDCFD60261609CB0006B2E7 /* Info.plist */,
			);
			path = Resources;
			sourceTree = "<group>";
		};
		9CDCFDB92616DF460006B2E7 /* Storyboards */ = {
			isa = PBXGroup;
			children = (
				9CDCFD58261609C90006B2E7 /* Main.storyboard */,
				9CDCFD5D261609CB0006B2E7 /* LaunchScreen.storyboard */,
			);
			path = Storyboards;
			sourceTree = "<group>";
		};
		9CDCFDBA2616DF600006B2E7 /* ViewControllers */ = {
			isa = PBXGroup;
			children = (
				9CDCFDCE26170B770006B2E7 /* WeatherPageViewController.swift */,
				9CDCFDD6261710F20006B2E7 /* Weather */,
				9CDCFDDE261711400006B2E7 /* Countries */,
			);
			path = ViewControllers;
			sourceTree = "<group>";
		};
		9CDCFDD6261710F20006B2E7 /* Weather */ = {
			isa = PBXGroup;
			children = (
				9CDCFDD7261711180006B2E7 /* WeatherViewController.swift */,
				9CDCFDD8261711180006B2E7 /* WeatherViewController.xib */,
			);
			path = Weather;
			sourceTree = "<group>";
		};
		9CDCFDDE261711400006B2E7 /* Countries */ = {
			isa = PBXGroup;
			children = (
				9CDCFDDF261711980006B2E7 /* CountriesListViewController.swift */,
				9CDCFDE0261711980006B2E7 /* CountriesListViewController.xib */,
			);
			path = Countries;
			sourceTree = "<group>";
		};
		9CDCFDF22617B3CD0006B2E7 /* Countries */ = {
			isa = PBXGroup;
			children = (
				9CDCFE032617BD000006B2E7 /* Countries.json */,
				9CDCFDF82617B5810006B2E7 /* CountryList.swift */,
			);
			path = Countries;
			sourceTree = "<group>";
		};
/* End PBXGroup section */

/* Begin PBXNativeTarget section */
		9CDCFD4E261609C90006B2E7 /* Weather-Service */ = {
			isa = PBXNativeTarget;
			buildConfigurationList = 9CDCFD79261609CB0006B2E7 /* Build configuration list for PBXNativeTarget "Weather-Service" */;
			buildPhases = (
				9CDCFD4B261609C90006B2E7 /* Sources */,
				9CDCFD4C261609C90006B2E7 /* Frameworks */,
				9CDCFD4D261609C90006B2E7 /* Resources */,
			);
			buildRules = (
			);
			dependencies = (
			);
			name = "Weather-Service";
			productName = "Weather-Service";
			productReference = 9CDCFD4F261609C90006B2E7 /* Weather-Service.app */;
			productType = "com.apple.product-type.application";
		};
		9CDCFD64261609CB0006B2E7 /* Weather-ServiceTests */ = {
			isa = PBXNativeTarget;
			buildConfigurationList = 9CDCFD7C261609CB0006B2E7 /* Build configuration list for PBXNativeTarget "Weather-ServiceTests" */;
			buildPhases = (
				9CDCFD61261609CB0006B2E7 /* Sources */,
				9CDCFD62261609CB0006B2E7 /* Frameworks */,
				9CDCFD63261609CB0006B2E7 /* Resources */,
			);
			buildRules = (
			);
			dependencies = (
				9CDCFD67261609CB0006B2E7 /* PBXTargetDependency */,
			);
			name = "Weather-ServiceTests";
			productName = "Weather-ServiceTests";
			productReference = 9CDCFD65261609CB0006B2E7 /* Weather-ServiceTests.xctest */;
			productType = "com.apple.product-type.bundle.unit-test";
		};
		9CDCFD6F261609CB0006B2E7 /* Weather-ServiceUITests */ = {
			isa = PBXNativeTarget;
			buildConfigurationList = 9CDCFD7F261609CB0006B2E7 /* Build configuration list for PBXNativeTarget "Weather-ServiceUITests" */;
			buildPhases = (
				9CDCFD6C261609CB0006B2E7 /* Sources */,
				9CDCFD6D261609CB0006B2E7 /* Frameworks */,
				9CDCFD6E261609CB0006B2E7 /* Resources */,
			);
			buildRules = (
			);
			dependencies = (
				9CDCFD72261609CB0006B2E7 /* PBXTargetDependency */,
			);
			name = "Weather-ServiceUITests";
			productName = "Weather-ServiceUITests";
			productReference = 9CDCFD70261609CB0006B2E7 /* Weather-ServiceUITests.xctest */;
			productType = "com.apple.product-type.bundle.ui-testing";
		};
/* End PBXNativeTarget section */

/* Begin PBXProject section */
		9CDCFD47261609C90006B2E7 /* Project object */ = {
			isa = PBXProject;
			attributes = {
				LastSwiftUpdateCheck = 1240;
				LastUpgradeCheck = 1240;
				TargetAttributes = {
					9CDCFD4E261609C90006B2E7 = {
						CreatedOnToolsVersion = 12.4;
					};
					9CDCFD64261609CB0006B2E7 = {
						CreatedOnToolsVersion = 12.4;
						TestTargetID = 9CDCFD4E261609C90006B2E7;
					};
					9CDCFD6F261609CB0006B2E7 = {
						CreatedOnToolsVersion = 12.4;
						TestTargetID = 9CDCFD4E261609C90006B2E7;
					};
				};
			};
			buildConfigurationList = 9CDCFD4A261609C90006B2E7 /* Build configuration list for PBXProject "Weather-Service" */;
			compatibilityVersion = "Xcode 9.3";
			developmentRegion = en;
			hasScannedForEncodings = 0;
			knownRegions = (
				en,
				Base,
			);
			mainGroup = 9CDCFD46261609C90006B2E7;
			productRefGroup = 9CDCFD50261609C90006B2E7 /* Products */;
			projectDirPath = "";
			projectRoot = "";
			targets = (
				9CDCFD4E261609C90006B2E7 /* Weather-Service */,
				9CDCFD64261609CB0006B2E7 /* Weather-ServiceTests */,
				9CDCFD6F261609CB0006B2E7 /* Weather-ServiceUITests */,
			);
		};
/* End PBXProject section */

/* Begin PBXResourcesBuildPhase section */
		9CDCFD4D261609C90006B2E7 /* Resources */ = {
			isa = PBXResourcesBuildPhase;
			buildActionMask = 2147483647;
			files = (
				9CDCFD5F261609CB0006B2E7 /* LaunchScreen.storyboard in Resources */,
				9CDCFDDA261711180006B2E7 /* WeatherViewController.xib in Resources */,
				9CDCFD5C261609CB0006B2E7 /* Assets.xcassets in Resources */,
				9CDCFD5A261609C90006B2E7 /* Main.storyboard in Resources */,
				9CDCFE042617BD000006B2E7 /* Countries.json in Resources */,
				9CDCFDE2261711980006B2E7 /* CountriesListViewController.xib in Resources */,
			);
			runOnlyForDeploymentPostprocessing = 0;
		};
		9CDCFD63261609CB0006B2E7 /* Resources */ = {
			isa = PBXResourcesBuildPhase;
			buildActionMask = 2147483647;
			files = (
			);
			runOnlyForDeploymentPostprocessing = 0;
		};
		9CDCFD6E261609CB0006B2E7 /* Resources */ = {
			isa = PBXResourcesBuildPhase;
			buildActionMask = 2147483647;
			files = (
			);
			runOnlyForDeploymentPostprocessing = 0;
		};
/* End PBXResourcesBuildPhase section */

/* Begin PBXSourcesBuildPhase section */
		9CDCFD4B261609C90006B2E7 /* Sources */ = {
			isa = PBXSourcesBuildPhase;
			buildActionMask = 2147483647;
			files = (
				9C35617C2617D82500019871 /* WeatherService.swift in Sources */,
				9C3561852617DF4100019871 /* WeatherViewModel.swift in Sources */,
				9CDCFD53261609C90006B2E7 /* AppDelegate.swift in Sources */,
				9CDCFDD9261711180006B2E7 /* WeatherViewController.swift in Sources */,
				9CDCFDCF26170B770006B2E7 /* WeatherPageViewController.swift in Sources */,
				9C64E4F72618A78400C05A48 /* UIImageView+ImageFromServerURL.swift in Sources */,
				9C35616E2617D5FB00019871 /* WeatherModel.swift in Sources */,
				9C64E50F2619A98E00C05A48 /* CountriesListViewModel.swift in Sources */,
				9CDCFD55261609C90006B2E7 /* SceneDelegate.swift in Sources */,
				9CDCFDF92617B5810006B2E7 /* CountryList.swift in Sources */,
				9C64E50A2619A57200C05A48 /* GetPlace.swift in Sources */,
				9CDCFDE1261711980006B2E7 /* CountriesListViewController.swift in Sources */,
			);
			runOnlyForDeploymentPostprocessing = 0;
		};
		9CDCFD61261609CB0006B2E7 /* Sources */ = {
			isa = PBXSourcesBuildPhase;
			buildActionMask = 2147483647;
			files = (
				9CDCFD6A261609CB0006B2E7 /* Weather_ServiceTests.swift in Sources */,
			);
			runOnlyForDeploymentPostprocessing = 0;
		};
		9CDCFD6C261609CB0006B2E7 /* Sources */ = {
			isa = PBXSourcesBuildPhase;
			buildActionMask = 2147483647;
			files = (
				9CDCFD75261609CB0006B2E7 /* Weather_ServiceUITests.swift in Sources */,
			);
			runOnlyForDeploymentPostprocessing = 0;
		};
/* End PBXSourcesBuildPhase section */

/* Begin PBXTargetDependency section */
		9CDCFD67261609CB0006B2E7 /* PBXTargetDependency */ = {
			isa = PBXTargetDependency;
			target = 9CDCFD4E261609C90006B2E7 /* Weather-Service */;
			targetProxy = 9CDCFD66261609CB0006B2E7 /* PBXContainerItemProxy */;
		};
		9CDCFD72261609CB0006B2E7 /* PBXTargetDependency */ = {
			isa = PBXTargetDependency;
			target = 9CDCFD4E261609C90006B2E7 /* Weather-Service */;
			targetProxy = 9CDCFD71261609CB0006B2E7 /* PBXContainerItemProxy */;
		};
/* End PBXTargetDependency section */

/* Begin PBXVariantGroup section */
		9CDCFD58261609C90006B2E7 /* Main.storyboard */ = {
			isa = PBXVariantGroup;
			children = (
				9CDCFD59261609C90006B2E7 /* Base */,
			);
			name = Main.storyboard;
			sourceTree = "<group>";
		};
		9CDCFD5D261609CB0006B2E7 /* LaunchScreen.storyboard */ = {
			isa = PBXVariantGroup;
			children = (
				9CDCFD5E261609CB0006B2E7 /* Base */,
			);
			name = LaunchScreen.storyboard;
			sourceTree = "<group>";
		};
/* End PBXVariantGroup section */

/* Begin XCBuildConfiguration section */
		9CDCFD77261609CB0006B2E7 /* Debug */ = {
			isa = XCBuildConfiguration;
			buildSettings = {
				ALWAYS_SEARCH_USER_PATHS = NO;
				CLANG_ANALYZER_NONNULL = YES;
				CLANG_ANALYZER_NUMBER_OBJECT_CONVERSION = YES_AGGRESSIVE;
				CLANG_CXX_LANGUAGE_STANDARD = "gnu++14";
				CLANG_CXX_LIBRARY = "libc++";
				CLANG_ENABLE_MODULES = YES;
				CLANG_ENABLE_OBJC_ARC = YES;
				CLANG_ENABLE_OBJC_WEAK = YES;
				CLANG_WARN_BLOCK_CAPTURE_AUTORELEASING = YES;
				CLANG_WARN_BOOL_CONVERSION = YES;
				CLANG_WARN_COMMA = YES;
				CLANG_WARN_CONSTANT_CONVERSION = YES;
				CLANG_WARN_DEPRECATED_OBJC_IMPLEMENTATIONS = YES;
				CLANG_WARN_DIRECT_OBJC_ISA_USAGE = YES_ERROR;
				CLANG_WARN_DOCUMENTATION_COMMENTS = YES;
				CLANG_WARN_EMPTY_BODY = YES;
				CLANG_WARN_ENUM_CONVERSION = YES;
				CLANG_WARN_INFINITE_RECURSION = YES;
				CLANG_WARN_INT_CONVERSION = YES;
				CLANG_WARN_NON_LITERAL_NULL_CONVERSION = YES;
				CLANG_WARN_OBJC_IMPLICIT_RETAIN_SELF = YES;
				CLANG_WARN_OBJC_LITERAL_CONVERSION = YES;
				CLANG_WARN_OBJC_ROOT_CLASS = YES_ERROR;
				CLANG_WARN_QUOTED_INCLUDE_IN_FRAMEWORK_HEADER = YES;
				CLANG_WARN_RANGE_LOOP_ANALYSIS = YES;
				CLANG_WARN_STRICT_PROTOTYPES = YES;
				CLANG_WARN_SUSPICIOUS_MOVE = YES;
				CLANG_WARN_UNGUARDED_AVAILABILITY = YES_AGGRESSIVE;
				CLANG_WARN_UNREACHABLE_CODE = YES;
				CLANG_WARN__DUPLICATE_METHOD_MATCH = YES;
				COPY_PHASE_STRIP = NO;
				DEBUG_INFORMATION_FORMAT = dwarf;
				ENABLE_STRICT_OBJC_MSGSEND = YES;
				ENABLE_TESTABILITY = YES;
				GCC_C_LANGUAGE_STANDARD = gnu11;
				GCC_DYNAMIC_NO_PIC = NO;
				GCC_NO_COMMON_BLOCKS = YES;
				GCC_OPTIMIZATION_LEVEL = 0;
				GCC_PREPROCESSOR_DEFINITIONS = (
					"DEBUG=1",
					"$(inherited)",
				);
				GCC_WARN_64_TO_32_BIT_CONVERSION = YES;
				GCC_WARN_ABOUT_RETURN_TYPE = YES_ERROR;
				GCC_WARN_UNDECLARED_SELECTOR = YES;
				GCC_WARN_UNINITIALIZED_AUTOS = YES_AGGRESSIVE;
				GCC_WARN_UNUSED_FUNCTION = YES;
				GCC_WARN_UNUSED_VARIABLE = YES;
				IPHONEOS_DEPLOYMENT_TARGET = 14.4;
				MTL_ENABLE_DEBUG_INFO = INCLUDE_SOURCE;
				MTL_FAST_MATH = YES;
				ONLY_ACTIVE_ARCH = YES;
				SDKROOT = iphoneos;
				SWIFT_ACTIVE_COMPILATION_CONDITIONS = DEBUG;
				SWIFT_OPTIMIZATION_LEVEL = "-Onone";
			};
			name = Debug;
		};
		9CDCFD78261609CB0006B2E7 /* Release */ = {
			isa = XCBuildConfiguration;
			buildSettings = {
				ALWAYS_SEARCH_USER_PATHS = NO;
				CLANG_ANALYZER_NONNULL = YES;
				CLANG_ANALYZER_NUMBER_OBJECT_CONVERSION = YES_AGGRESSIVE;
				CLANG_CXX_LANGUAGE_STANDARD = "gnu++14";
				CLANG_CXX_LIBRARY = "libc++";
				CLANG_ENABLE_MODULES = YES;
				CLANG_ENABLE_OBJC_ARC = YES;
				CLANG_ENABLE_OBJC_WEAK = YES;
				CLANG_WARN_BLOCK_CAPTURE_AUTORELEASING = YES;
				CLANG_WARN_BOOL_CONVERSION = YES;
				CLANG_WARN_COMMA = YES;
				CLANG_WARN_CONSTANT_CONVERSION = YES;
				CLANG_WARN_DEPRECATED_OBJC_IMPLEMENTATIONS = YES;
				CLANG_WARN_DIRECT_OBJC_ISA_USAGE = YES_ERROR;
				CLANG_WARN_DOCUMENTATION_COMMENTS = YES;
				CLANG_WARN_EMPTY_BODY = YES;
				CLANG_WARN_ENUM_CONVERSION = YES;
				CLANG_WARN_INFINITE_RECURSION = YES;
				CLANG_WARN_INT_CONVERSION = YES;
				CLANG_WARN_NON_LITERAL_NULL_CONVERSION = YES;
				CLANG_WARN_OBJC_IMPLICIT_RETAIN_SELF = YES;
				CLANG_WARN_OBJC_LITERAL_CONVERSION = YES;
				CLANG_WARN_OBJC_ROOT_CLASS = YES_ERROR;
				CLANG_WARN_QUOTED_INCLUDE_IN_FRAMEWORK_HEADER = YES;
				CLANG_WARN_RANGE_LOOP_ANALYSIS = YES;
				CLANG_WARN_STRICT_PROTOTYPES = YES;
				CLANG_WARN_SUSPICIOUS_MOVE = YES;
				CLANG_WARN_UNGUARDED_AVAILABILITY = YES_AGGRESSIVE;
				CLANG_WARN_UNREACHABLE_CODE = YES;
				CLANG_WARN__DUPLICATE_METHOD_MATCH = YES;
				COPY_PHASE_STRIP = NO;
				DEBUG_INFORMATION_FORMAT = "dwarf-with-dsym";
				ENABLE_NS_ASSERTIONS = NO;
				ENABLE_STRICT_OBJC_MSGSEND = YES;
				GCC_C_LANGUAGE_STANDARD = gnu11;
				GCC_NO_COMMON_BLOCKS = YES;
				GCC_WARN_64_TO_32_BIT_CONVERSION = YES;
				GCC_WARN_ABOUT_RETURN_TYPE = YES_ERROR;
				GCC_WARN_UNDECLARED_SELECTOR = YES;
				GCC_WARN_UNINITIALIZED_AUTOS = YES_AGGRESSIVE;
				GCC_WARN_UNUSED_FUNCTION = YES;
				GCC_WARN_UNUSED_VARIABLE = YES;
				IPHONEOS_DEPLOYMENT_TARGET = 14.4;
				MTL_ENABLE_DEBUG_INFO = NO;
				MTL_FAST_MATH = YES;
				SDKROOT = iphoneos;
				SWIFT_COMPILATION_MODE = wholemodule;
				SWIFT_OPTIMIZATION_LEVEL = "-O";
				VALIDATE_PRODUCT = YES;
			};
			name = Release;
		};
		9CDCFD7A261609CB0006B2E7 /* Debug */ = {
			isa = XCBuildConfiguration;
			buildSettings = {
				ASSETCATALOG_COMPILER_APPICON_NAME = AppIcon;
				ASSETCATALOG_COMPILER_GLOBAL_ACCENT_COLOR_NAME = AccentColor;
				CODE_SIGN_STYLE = Automatic;
				DEVELOPMENT_TEAM = 6C89N3T7B7;
				INFOPLIST_FILE = "Weather-Service/Resources/Info.plist";
				LD_RUNPATH_SEARCH_PATHS = (
					"$(inherited)",
					"@executable_path/Frameworks",
				);
				PRODUCT_BUNDLE_IDENTIFIER = "com.Fifth-LLC.Weather-Service";
				PRODUCT_NAME = "$(TARGET_NAME)";
				SWIFT_VERSION = 5.0;
				TARGETED_DEVICE_FAMILY = "1,2";
			};
			name = Debug;
		};
		9CDCFD7B261609CB0006B2E7 /* Release */ = {
			isa = XCBuildConfiguration;
			buildSettings = {
				ASSETCATALOG_COMPILER_APPICON_NAME = AppIcon;
				ASSETCATALOG_COMPILER_GLOBAL_ACCENT_COLOR_NAME = AccentColor;
				CODE_SIGN_STYLE = Automatic;
				DEVELOPMENT_TEAM = 6C89N3T7B7;
				INFOPLIST_FILE = "Weather-Service/Resources/Info.plist";
				LD_RUNPATH_SEARCH_PATHS = (
					"$(inherited)",
					"@executable_path/Frameworks",
				);
				PRODUCT_BUNDLE_IDENTIFIER = "com.Fifth-LLC.Weather-Service";
				PRODUCT_NAME = "$(TARGET_NAME)";
				SWIFT_VERSION = 5.0;
				TARGETED_DEVICE_FAMILY = "1,2";
			};
			name = Release;
		};
		9CDCFD7D261609CB0006B2E7 /* Debug */ = {
			isa = XCBuildConfiguration;
			buildSettings = {
				ALWAYS_EMBED_SWIFT_STANDARD_LIBRARIES = YES;
				BUNDLE_LOADER = "$(TEST_HOST)";
				CODE_SIGN_STYLE = Automatic;
				DEVELOPMENT_TEAM = 6C89N3T7B7;
				INFOPLIST_FILE = "Weather-ServiceTests/Info.plist";
				IPHONEOS_DEPLOYMENT_TARGET = 14.4;
				LD_RUNPATH_SEARCH_PATHS = (
					"$(inherited)",
					"@executable_path/Frameworks",
					"@loader_path/Frameworks",
				);
				PRODUCT_BUNDLE_IDENTIFIER = "com.Fifth-LLC.Weather-ServiceTests";
				PRODUCT_NAME = "$(TARGET_NAME)";
				SWIFT_VERSION = 5.0;
				TARGETED_DEVICE_FAMILY = "1,2";
				TEST_HOST = "$(BUILT_PRODUCTS_DIR)/Weather-Service.app/Weather-Service";
			};
			name = Debug;
		};
		9CDCFD7E261609CB0006B2E7 /* Release */ = {
			isa = XCBuildConfiguration;
			buildSettings = {
				ALWAYS_EMBED_SWIFT_STANDARD_LIBRARIES = YES;
				BUNDLE_LOADER = "$(TEST_HOST)";
				CODE_SIGN_STYLE = Automatic;
				DEVELOPMENT_TEAM = 6C89N3T7B7;
				INFOPLIST_FILE = "Weather-ServiceTests/Info.plist";
				IPHONEOS_DEPLOYMENT_TARGET = 14.4;
				LD_RUNPATH_SEARCH_PATHS = (
					"$(inherited)",
					"@executable_path/Frameworks",
					"@loader_path/Frameworks",
				);
				PRODUCT_BUNDLE_IDENTIFIER = "com.Fifth-LLC.Weather-ServiceTests";
				PRODUCT_NAME = "$(TARGET_NAME)";
				SWIFT_VERSION = 5.0;
				TARGETED_DEVICE_FAMILY = "1,2";
				TEST_HOST = "$(BUILT_PRODUCTS_DIR)/Weather-Service.app/Weather-Service";
			};
			name = Release;
		};
		9CDCFD80261609CB0006B2E7 /* Debug */ = {
			isa = XCBuildConfiguration;
			buildSettings = {
				ALWAYS_EMBED_SWIFT_STANDARD_LIBRARIES = YES;
				CODE_SIGN_STYLE = Automatic;
				DEVELOPMENT_TEAM = 6C89N3T7B7;
				INFOPLIST_FILE = "Weather-ServiceUITests/Info.plist";
				LD_RUNPATH_SEARCH_PATHS = (
					"$(inherited)",
					"@executable_path/Frameworks",
					"@loader_path/Frameworks",
				);
				PRODUCT_BUNDLE_IDENTIFIER = "com.Fifth-LLC.Weather-ServiceUITests";
				PRODUCT_NAME = "$(TARGET_NAME)";
				SWIFT_VERSION = 5.0;
				TARGETED_DEVICE_FAMILY = "1,2";
				TEST_TARGET_NAME = "Weather-Service";
			};
			name = Debug;
		};
		9CDCFD81261609CB0006B2E7 /* Release */ = {
			isa = XCBuildConfiguration;
			buildSettings = {
				ALWAYS_EMBED_SWIFT_STANDARD_LIBRARIES = YES;
				CODE_SIGN_STYLE = Automatic;
				DEVELOPMENT_TEAM = 6C89N3T7B7;
				INFOPLIST_FILE = "Weather-ServiceUITests/Info.plist";
				LD_RUNPATH_SEARCH_PATHS = (
					"$(inherited)",
					"@executable_path/Frameworks",
					"@loader_path/Frameworks",
				);
				PRODUCT_BUNDLE_IDENTIFIER = "com.Fifth-LLC.Weather-ServiceUITests";
				PRODUCT_NAME = "$(TARGET_NAME)";
				SWIFT_VERSION = 5.0;
				TARGETED_DEVICE_FAMILY = "1,2";
				TEST_TARGET_NAME = "Weather-Service";
			};
			name = Release;
		};
/* End XCBuildConfiguration section */

/* Begin XCConfigurationList section */
		9CDCFD4A261609C90006B2E7 /* Build configuration list for PBXProject "Weather-Service" */ = {
			isa = XCConfigurationList;
			buildConfigurations = (
				9CDCFD77261609CB0006B2E7 /* Debug */,
				9CDCFD78261609CB0006B2E7 /* Release */,
			);
			defaultConfigurationIsVisible = 0;
			defaultConfigurationName = Release;
		};
		9CDCFD79261609CB0006B2E7 /* Build configuration list for PBXNativeTarget "Weather-Service" */ = {
			isa = XCConfigurationList;
			buildConfigurations = (
				9CDCFD7A261609CB0006B2E7 /* Debug */,
				9CDCFD7B261609CB0006B2E7 /* Release */,
			);
			defaultConfigurationIsVisible = 0;
			defaultConfigurationName = Release;
		};
		9CDCFD7C261609CB0006B2E7 /* Build configuration list for PBXNativeTarget "Weather-ServiceTests" */ = {
			isa = XCConfigurationList;
			buildConfigurations = (
				9CDCFD7D261609CB0006B2E7 /* Debug */,
				9CDCFD7E261609CB0006B2E7 /* Release */,
			);
			defaultConfigurationIsVisible = 0;
			defaultConfigurationName = Release;
		};
		9CDCFD7F261609CB0006B2E7 /* Build configuration list for PBXNativeTarget "Weather-ServiceUITests" */ = {
			isa = XCConfigurationList;
			buildConfigurations = (
				9CDCFD80261609CB0006B2E7 /* Debug */,
				9CDCFD81261609CB0006B2E7 /* Release */,
			);
			defaultConfigurationIsVisible = 0;
			defaultConfigurationName = Release;
		};
/* End XCConfigurationList section */
	};
	rootObject = 9CDCFD47261609C90006B2E7 /* Project object */;
}
